
Microsoft Visual Studio Solution File, Format Version 12.00
# Visual Studio Version 17
VisualStudioVersion = 17.10.35122.118
MinimumVisualStudioVersion = 10.0.40219.1
Project("{FAE04EC0-301F-11D3-BF4B-00C04F79EFBC}") = "PokemonApi", "PokemonApi\PokemonApi.csproj", "{B0963420-3F09-4C32-892A-E17ACA44BADF}"
EndProject
Project("{FAE04EC0-301F-11D3-BF4B-00C04F79EFBC}") = "PokemonApi.Tests", "PokemonApi.Tests\PokemonApi.Tests.csproj", "{4D724159-57C4-47F2-8DDD-317A56C89CB8}"
EndProject
Global
	GlobalSection(SolutionConfigurationPlatforms) = preSolution
		Debug|Any CPU = Debug|Any CPU
		Release|Any CPU = Release|Any CPU
	EndGlobalSection
	GlobalSection(ProjectConfigurationPlatforms) = postSolution
		{B0963420-3F09-4C32-892A-E17ACA44BADF}.Debug|Any CPU.ActiveCfg = Debug|Any CPU
		{B0963420-3F09-4C32-892A-E17ACA44BADF}.Debug|Any CPU.Build.0 = Debug|Any CPU
		{B0963420-3F09-4C32-892A-E17ACA44BADF}.Release|Any CPU.ActiveCfg = Release|Any CPU
		{B0963420-3F09-4C32-892A-E17ACA44BADF}.Release|Any CPU.Build.0 = Release|Any CPU
		{4D724159-57C4-47F2-8DDD-317A56C89CB8}.Debug|Any CPU.ActiveCfg = Debug|Any CPU
		{4D724159-57C4-47F2-8DDD-317A56C89CB8}.Debug|Any CPU.Build.0 = Debug|Any CPU
		{4D724159-57C4-47F2-8DDD-317A56C89CB8}.Release|Any CPU.ActiveCfg = Release|Any CPU
		{4D724159-57C4-47F2-8DDD-317A56C89CB8}.Release|Any CPU.Build.0 = Release|Any CPU
	EndGlobalSection
	GlobalSection(SolutionProperties) = preSolution
		HideSolutionNode = FALSE
	EndGlobalSection
	GlobalSection(ExtensibilityGlobals) = postSolution
		SolutionGuid = {541634F6-F578-49E4-8585-DDE4FE8CE570}
	EndGlobalSection
EndGlobal
